<?xml version="1.0" encoding="utf-8"?>
<Project ToolsVersion="4.0" xmlns="http://schemas.microsoft.com/developer/msbuild/2003">
  <ItemGroup>
    <FxCompile Include="shaders\debug_pixel.hlsl" />
    <FxCompile Include="shaders\debug_vertex.hlsl" />
    <FxCompile Include="shaders\domain.hlsl" />
    <FxCompile Include="shaders\hull.hlsl" />
    <FxCompile Include="shaders\particle_geometry.hlsl" />
    <FxCompile Include="shaders\deferred.hlsl" />
    <FxCompile Include="shaders\particle_compute.hlsl" />
    <FxCompile Include="shaders\particle_vertex.hlsl" />
    <FxCompile Include="shaders\pixel.hlsl" />
    <FxCompile Include="shaders\reflective.hlsl" />
    <FxCompile Include="shaders\tesselation_vertex.hlsl" />
    <FxCompile Include="shaders\vertex.hlsl" />
    <FxCompile Include="shaders\ffxa.hlsl" />
  </ItemGroup>
  <ItemGroup>
    <ClCompile Include="assets\src\loaders.cpp" />
    <ClCompile Include="assets\src\shape.cpp" />
    <ClCompile Include="input\src\input.cpp" />
    <ClCompile Include="renderer\passes\src\debug_pass.cpp" />
    <ClCompile Include="renderer\passes\src\draw_objects.cpp" />
    <ClCompile Include="renderer\passes\src\first_pass.cpp" />
    <ClCompile Include="renderer\passes\src\particle_system.cpp" />
    <ClCompile Include="renderer\passes\src\second_pass.cpp" />
    <ClCompile Include="renderer\passes\src\shadow_pass.cpp" />
    <ClCompile Include="renderer\src\particle.cpp" />
    <ClCompile Include="renderer\src\shader_loading.cpp" />
    <ClCompile Include="renderer\src\transform.cpp" />
    <ClCompile Include="renderer\src\util.cpp" />
    <ClCompile Include="renderer\src\window.cpp" />
    <ClCompile Include="renderer\src\world.cpp" />
    <ClCompile Include="ui\ui.cpp" />
    <ClCompile Include="ui\imgui\imgui.cpp" />
    <ClCompile Include="ui\imgui\imgui_demo.cpp" />
    <ClCompile Include="ui\imgui\imgui_draw.cpp" />
    <ClCompile Include="ui\imgui\imgui_impl_dx11.cpp" />
    <ClCompile Include="ui\imgui\imgui_impl_win32.cpp" />
    <ClCompile Include="ui\imgui\imgui_tables.cpp" />
    <ClCompile Include="ui\imgui\imgui_widgets.cpp" />
    <ClCompile Include="renderer\src\renderer.cpp" />
    <ClCompile Include="src\main.cpp" />
    <ClCompile Include="renderer\src\setup.cpp" />
    <ClCompile Include="rstd\src\rstd.cpp" />
    <ClCompile Include="src\tests.cpp" />
  </ItemGroup>
  <ItemGroup>
    <ClInclude Include="..\..\..\..\..\..\dev\c++\imgui\imconfig.h" />
    <ClInclude Include="assets\assets.h" />
    <ClInclude Include="assets\shape.h" />
    <ClInclude Include="data_structures\sparse_octree.h" />
    <ClInclude Include="input\input.h" />
    <ClInclude Include="math\aab.h" />
    <ClInclude Include="renderer\particle.h" />
    <ClInclude Include="renderer\passes\debug_pass.h" />
    <ClInclude Include="renderer\passes\draw_objects.h" />
    <ClInclude Include="renderer\passes\second_pass.h" />
    <ClInclude Include="renderer\passes\shadow_pass.h" />
    <ClInclude Include="renderer\passes\first_pass.h" />
    <ClInclude Include="renderer\passes\particle_system.h" />
    <ClInclude Include="renderer\util.h" />
    <ClInclude Include="renderer\window.h" />
    <ClInclude Include="renderer\world.h" />
    <ClInclude Include="rstd\box.h" />
    <ClInclude Include="rstd\depot.h" />
    <ClInclude Include="ui\ui.h" />
    <ClInclude Include="ui\imgui\imconfig.h" />
    <ClInclude Include="ui\imgui\imgui.h" />
    <ClInclude Include="ui\imgui\imgui_impl_dx11.h" />
    <ClInclude Include="ui\imgui\imgui_impl_win32.h" />
    <ClInclude Include="ui\imgui\imgui_internal.h" />
    <ClInclude Include="ui\imgui\imstb_rectpack.h" />
    <ClInclude Include="ui\imgui\imstb_textedit.h" />
    <ClInclude Include="ui\imgui\imstb_truetype.h" />
    <ClInclude Include="math\consts.h" />
    <ClInclude Include="math\mat.h" />
    <ClInclude Include="math\quat.h" />
    <ClInclude Include="math\vec.h" />
    <ClInclude Include="rstd\option.h" />
    <ClInclude Include="rstd\panic.h" />
    <ClInclude Include="rstd\primitives.h" />
    <ClInclude Include="rstd\result.h" />
    <ClInclude Include="renderer\transform.h" />
    <ClInclude Include="renderer\renderer.h" />
    <ClInclude Include="assets\stb_image.h" />
    <ClInclude Include="rstd\tuple.h" />
    <ClInclude Include="rstd\vector.h" />
  </ItemGroup>
  <ItemGroup>
    <Image Include="resources\croc.png" />
    <Image Include="resources\test_texture.png" />
    <Image Include="resources\veloren.png" />
    <Image Include="resources\rust.png" />
    <Image Include="resources\normal.png" />
    <Image Include="resources\bevy.png" />
  </ItemGroup>
  <ItemGroup>
    <None Include="cpp.hint" />
    <None Include="resources\croc.mtl" />
    <None Include="resources\croc.wavefront" />
    <None Include="resources\sphere.wavefront" />
    <None Include="resources\sphere.mtl" />
    <None Include="resources\quad_veloren.wavefront" />
    <None Include="resources\quad_rust.wavefront" />
    <None Include="resources\quad_bevy.wavefront" />
    <None Include="resources\icons.mtl" />
    <None Include="resources\cube.wavefront" />
    <None Include="resources\cube.mtl" />
  </ItemGroup>
</Project>